
Microsoft Visual Studio Solution File, Format Version 12.00
# Visual Studio Version 16
VisualStudioVersion = 16.0.32929.386
MinimumVisualStudioVersion = 10.0.40219.1
Project("{FAE04EC0-301F-11D3-BF4B-00C04F79EFBC}") = "PixelWords", "PixelWords\PixelWords.csproj", "{C787EB1C-6263-4422-A4E2-5A9A8999901C}"
EndProject
Global
	GlobalSection(SolutionConfigurationPlatforms) = preSolution
		Debug|Any CPU = Debug|Any CPU
		Release|Any CPU = Release|Any CPU
	EndGlobalSection
	GlobalSection(ProjectConfigurationPlatforms) = postSolution
		{C787EB1C-6263-4422-A4E2-5A9A8999901C}.Debug|Any CPU.ActiveCfg = Debug|Any CPU
		{C787EB1C-6263-4422-A4E2-5A9A8999901C}.Debug|Any CPU.Build.0 = Debug|Any CPU
		{C787EB1C-6263-4422-A4E2-5A9A8999901C}.Release|Any CPU.ActiveCfg = Release|Any CPU
		{C787EB1C-6263-4422-A4E2-5A9A8999901C}.Release|Any CPU.Build.0 = Release|Any CPU
	EndGlobalSection
	GlobalSection(SolutionProperties) = preSolution
		HideSolutionNode = FALSE
	EndGlobalSection
	GlobalSection(ExtensibilityGlobals) = postSolution
		SolutionGuid = {12619972-1377-4157-B5DA-60BDD41FEB0B}
	EndGlobalSection
EndGlobal
